
Microsoft Visual Studio Solution File, Format Version 12.00
# Visual Studio Version 17
VisualStudioVersion = 17.4.33213.308
MinimumVisualStudioVersion = 10.0.40219.1
Project("{FAE04EC0-301F-11D3-BF4B-00C04F79EFBC}") = "task1", "task1\task1.csproj", "{410467A5-FFA1-420D-A3B6-B5BDE78C40AD}"
EndProject
Global
	GlobalSection(SolutionConfigurationPlatforms) = preSolution
		Debug|Any CPU = Debug|Any CPU
		Release|Any CPU = Release|Any CPU
	EndGlobalSection
	GlobalSection(ProjectConfigurationPlatforms) = postSolution
		{410467A5-FFA1-420D-A3B6-B5BDE78C40AD}.Debug|Any CPU.ActiveCfg = Debug|Any CPU
		{410467A5-FFA1-420D-A3B6-B5BDE78C40AD}.Debug|Any CPU.Build.0 = Debug|Any CPU
		{410467A5-FFA1-420D-A3B6-B5BDE78C40AD}.Release|Any CPU.ActiveCfg = Release|Any CPU
		{410467A5-FFA1-420D-A3B6-B5BDE78C40AD}.Release|Any CPU.Build.0 = Release|Any CPU
	EndGlobalSection
	GlobalSection(SolutionProperties) = preSolution
		HideSolutionNode = FALSE
	EndGlobalSection
	GlobalSection(ExtensibilityGlobals) = postSolution
		SolutionGuid = {8926DFDD-3D5A-4579-BB61-DD8FF1E6B174}
	EndGlobalSection
EndGlobal
